
Microsoft Visual Studio Solution File, Format Version 12.00
# Visual Studio 2013
VisualStudioVersion = 12.0.21005.1
MinimumVisualStudioVersion = 10.0.40219.1
Project("{9092AA53-FB77-4645-B42D-1CCCA6BD08BD}") = "DidYouMeanCars.Api", "DidYouMeanCars.Api\DidYouMeanCars.Api.njsproj", "{17CE91F4-A86D-4044-9EC0-7DA41178DB4B}"
EndProject
Project("{E24C65DC-7377-472B-9ABA-BC803B73C61A}") = "DidYouMeanCars.Web", "http://localhost:56239", "{DCA8E296-E9D4-41E1-9620-7CD82330CFE6}"
	ProjectSection(WebsiteProperties) = preProject
		UseIISExpress = "true"
		TargetFrameworkMoniker = ".NETFramework,Version%3Dv4.5"
		Debug.AspNetCompiler.VirtualPath = "/localhost_56239"
		Debug.AspNetCompiler.PhysicalPath = "DidYouMeanCars.Web\"
		Debug.AspNetCompiler.TargetPath = "PrecompiledWeb\localhost_56239\"
		Debug.AspNetCompiler.Updateable = "true"
		Debug.AspNetCompiler.ForceOverwrite = "true"
		Debug.AspNetCompiler.FixedNames = "false"
		Debug.AspNetCompiler.Debug = "True"
		Release.AspNetCompiler.VirtualPath = "/localhost_56239"
		Release.AspNetCompiler.PhysicalPath = "DidYouMeanCars.Web\"
		Release.AspNetCompiler.TargetPath = "PrecompiledWeb\localhost_56239\"
		Release.AspNetCompiler.Updateable = "true"
		Release.AspNetCompiler.ForceOverwrite = "true"
		Release.AspNetCompiler.FixedNames = "false"
		Release.AspNetCompiler.Debug = "False"
		SlnRelativePath = "DidYouMeanCars.Web\"
		DefaultWebSiteLanguage = "Visual C#"
	EndProjectSection
EndProject
Global
	GlobalSection(SolutionConfigurationPlatforms) = preSolution
		Debug|Any CPU = Debug|Any CPU
		Release|Any CPU = Release|Any CPU
	EndGlobalSection
	GlobalSection(ProjectConfigurationPlatforms) = postSolution
		{17CE91F4-A86D-4044-9EC0-7DA41178DB4B}.Debug|Any CPU.ActiveCfg = Debug|Any CPU
		{17CE91F4-A86D-4044-9EC0-7DA41178DB4B}.Debug|Any CPU.Build.0 = Debug|Any CPU
		{17CE91F4-A86D-4044-9EC0-7DA41178DB4B}.Release|Any CPU.ActiveCfg = Release|Any CPU
		{17CE91F4-A86D-4044-9EC0-7DA41178DB4B}.Release|Any CPU.Build.0 = Release|Any CPU
		{DCA8E296-E9D4-41E1-9620-7CD82330CFE6}.Debug|Any CPU.ActiveCfg = Debug|Any CPU
		{DCA8E296-E9D4-41E1-9620-7CD82330CFE6}.Debug|Any CPU.Build.0 = Debug|Any CPU
		{DCA8E296-E9D4-41E1-9620-7CD82330CFE6}.Release|Any CPU.ActiveCfg = Debug|Any CPU
		{DCA8E296-E9D4-41E1-9620-7CD82330CFE6}.Release|Any CPU.Build.0 = Debug|Any CPU
	EndGlobalSection
	GlobalSection(SolutionProperties) = preSolution
		HideSolutionNode = FALSE
	EndGlobalSection
EndGlobal
